
Microsoft Visual Studio Solution File, Format Version 12.00
# Visual Studio 15
VisualStudioVersion = 15.0.27703.2042
MinimumVisualStudioVersion = 10.0.40219.1
Project("{FAE04EC0-301F-11D3-BF4B-00C04F79EFBC}") = "LeagueOfLegendsMVC", "LeagueOfLegendsMVC\LeagueOfLegendsMVC.csproj", "{4A245365-2FB5-490C-8690-B8DC2851A58A}"
EndProject
Global
	GlobalSection(SolutionConfigurationPlatforms) = preSolution
		Debug|Any CPU = Debug|Any CPU
		Release|Any CPU = Release|Any CPU
	EndGlobalSection
	GlobalSection(ProjectConfigurationPlatforms) = postSolution
		{4A245365-2FB5-490C-8690-B8DC2851A58A}.Debug|Any CPU.ActiveCfg = Debug|Any CPU
		{4A245365-2FB5-490C-8690-B8DC2851A58A}.Debug|Any CPU.Build.0 = Debug|Any CPU
		{4A245365-2FB5-490C-8690-B8DC2851A58A}.Release|Any CPU.ActiveCfg = Release|Any CPU
		{4A245365-2FB5-490C-8690-B8DC2851A58A}.Release|Any CPU.Build.0 = Release|Any CPU
	EndGlobalSection
	GlobalSection(SolutionProperties) = preSolution
		HideSolutionNode = FALSE
	EndGlobalSection
	GlobalSection(ExtensibilityGlobals) = postSolution
		SolutionGuid = {085DF4FC-ABD9-4444-976A-7931923039F1}
	EndGlobalSection
EndGlobal
